
Microsoft Visual Studio Solution File, Format Version 12.00
# Visual Studio Version 16
VisualStudioVersion = 16.0.30128.74
MinimumVisualStudioVersion = 10.0.40219.1
Project("{FAE04EC0-301F-11D3-BF4B-00C04F79EFBC}") = "Reflect.WebServer", "Reflect.WebServer\Reflect.WebServer.csproj", "{DA421909-9AFD-42D4-A4F8-74B496FA6BEE}"
EndProject
Project("{FAE04EC0-301F-11D3-BF4B-00C04F79EFBC}") = "Reflect.WebServer.Service", "Reflect.WebServer.Service\Reflect.WebServer.Service.csproj", "{D1C0A488-57FD-4C4B-83EA-EBD0A25C2E2D}"
EndProject
Project("{FAE04EC0-301F-11D3-BF4B-00C04F79EFBC}") = "Reflect.WebServer.Data", "Reflect.WebServer.Data\Reflect.WebServer.Data.csproj", "{C4677AAA-DC4B-4051-AE64-75E2F2F9D7A5}"
EndProject
Global
	GlobalSection(SolutionConfigurationPlatforms) = preSolution
		Debug|Any CPU = Debug|Any CPU
		Release|Any CPU = Release|Any CPU
	EndGlobalSection
	GlobalSection(ProjectConfigurationPlatforms) = postSolution
		{DA421909-9AFD-42D4-A4F8-74B496FA6BEE}.Debug|Any CPU.ActiveCfg = Debug|Any CPU
		{DA421909-9AFD-42D4-A4F8-74B496FA6BEE}.Debug|Any CPU.Build.0 = Debug|Any CPU
		{DA421909-9AFD-42D4-A4F8-74B496FA6BEE}.Release|Any CPU.ActiveCfg = Release|Any CPU
		{DA421909-9AFD-42D4-A4F8-74B496FA6BEE}.Release|Any CPU.Build.0 = Release|Any CPU
		{D1C0A488-57FD-4C4B-83EA-EBD0A25C2E2D}.Debug|Any CPU.ActiveCfg = Debug|Any CPU
		{D1C0A488-57FD-4C4B-83EA-EBD0A25C2E2D}.Debug|Any CPU.Build.0 = Debug|Any CPU
		{D1C0A488-57FD-4C4B-83EA-EBD0A25C2E2D}.Release|Any CPU.ActiveCfg = Release|Any CPU
		{D1C0A488-57FD-4C4B-83EA-EBD0A25C2E2D}.Release|Any CPU.Build.0 = Release|Any CPU
		{C4677AAA-DC4B-4051-AE64-75E2F2F9D7A5}.Debug|Any CPU.ActiveCfg = Debug|Any CPU
		{C4677AAA-DC4B-4051-AE64-75E2F2F9D7A5}.Debug|Any CPU.Build.0 = Debug|Any CPU
		{C4677AAA-DC4B-4051-AE64-75E2F2F9D7A5}.Release|Any CPU.ActiveCfg = Release|Any CPU
		{C4677AAA-DC4B-4051-AE64-75E2F2F9D7A5}.Release|Any CPU.Build.0 = Release|Any CPU
	EndGlobalSection
	GlobalSection(SolutionProperties) = preSolution
		HideSolutionNode = FALSE
	EndGlobalSection
	GlobalSection(ExtensibilityGlobals) = postSolution
		SolutionGuid = {2C937996-8527-40D8-AA85-D187D45754E0}
	EndGlobalSection
EndGlobal
